# This file is automatically @generated by Cargo.
# It is not intended for manual editing.
version = 4

[[package]]
name = "crate-lint"
version = "0.1.0"

[[package]]
name = "docs"
version = "0.1.0"

[[package]]
name = "tools-generate-stubs"
version = "0.1.0"

[[package]]
name = "zaroxi-application-ai"
version = "0.1.0"

[[package]]
name = "zaroxi-application-buffer"
version = "0.1.0"

[[package]]
name = "zaroxi-application-command"
version = "0.1.0"

[[package]]
name = "zaroxi-application-editor"
version = "0.1.0"

[[package]]
name = "zaroxi-application-navigation"
version = "0.1.0"

[[package]]
name = "zaroxi-application-project"
version = "0.1.0"

[[package]]
name = "zaroxi-application-refactor"
version = "0.1.0"

[[package]]
name = "zaroxi-application-search"
version = "0.1.0"

[[package]]
name = "zaroxi-application-workspace"
version = "0.1.0"

[[package]]
name = "zaroxi-collaboration-crdt"
version = "0.1.0"

[[package]]
name = "zaroxi-collaboration-presence"
version = "0.1.0"

[[package]]
name = "zaroxi-collaboration-session"
version = "0.1.0"

[[package]]
name = "zaroxi-collaboration-sync"
version = "0.1.0"

[[package]]
name = "zaroxi-core-commands"
version = "0.1.0"

[[package]]
name = "zaroxi-core-event"
version = "0.1.0"

[[package]]
name = "zaroxi-core-input"
version = "0.1.0"

[[package]]
name = "zaroxi-core-layout"
version = "0.1.0"

[[package]]
name = "zaroxi-core-render"
version = "0.1.0"

[[package]]
name = "zaroxi-core-render-backend"
version = "0.1.0"

[[package]]
name = "zaroxi-core-render-compositor"
version = "0.1.0"

[[package]]
name = "zaroxi-core-render-graph"
version = "0.1.0"

[[package]]
name = "zaroxi-core-render-pipeline"
version = "0.1.0"

[[package]]
name = "zaroxi-core-render-resource"
version = "0.1.0"

[[package]]
name = "zaroxi-core-render-scene"
version = "0.1.0"

[[package]]
name = "zaroxi-core-render-text"
version = "0.1.0"

[[package]]
name = "zaroxi-core-render-ui"
version = "0.1.0"

[[package]]
name = "zaroxi-core-runtime"
version = "0.1.0"

[[package]]
name = "zaroxi-core-scheduler"
version = "0.1.0"

[[package]]
name = "zaroxi-core-task"
version = "0.1.0"

[[package]]
name = "zaroxi-core-text"
version = "0.1.0"

[[package]]
name = "zaroxi-core-text-buffer"
version = "0.1.0"

[[package]]
name = "zaroxi-core-text-diff"
version = "0.1.0"

[[package]]
name = "zaroxi-core-text-edit"
version = "0.1.0"

[[package]]
name = "zaroxi-core-text-rope"
version = "0.1.0"

[[package]]
name = "zaroxi-core-threading"
version = "0.1.0"

[[package]]
name = "zaroxi-core-ui"
version = "0.1.0"

[[package]]
name = "zaroxi-domain-ai"
version = "0.1.0"

[[package]]
name = "zaroxi-domain-buffer"
version = "0.1.0"

[[package]]
name = "zaroxi-domain-cursor"
version = "0.1.0"

[[package]]
name = "zaroxi-domain-editor"
version = "0.1.0"

[[package]]
name = "zaroxi-domain-history"
version = "0.1.0"

[[package]]
name = "zaroxi-domain-project"
version = "0.1.0"

[[package]]
name = "zaroxi-domain-selection"
version = "0.1.0"

[[package]]
name = "zaroxi-domain-settings"
version = "0.1.0"

[[package]]
name = "zaroxi-domain-workspace"
version = "0.1.0"

[[package]]
name = "zaroxi-infrastructure-http"
version = "0.1.0"

[[package]]
name = "zaroxi-infrastructure-logging"
version = "0.1.0"

[[package]]
name = "zaroxi-infrastructure-metrics"
version = "0.1.0"

[[package]]
name = "zaroxi-infrastructure-permissions"
version = "0.1.0"

[[package]]
name = "zaroxi-infrastructure-rpc"
version = "0.1.0"

[[package]]
name = "zaroxi-infrastructure-settings"
version = "0.1.0"

[[package]]
name = "zaroxi-infrastructure-storage"
version = "0.1.0"

[[package]]
name = "zaroxi-infrastructure-tracing"
version = "0.1.0"

[[package]]
name = "zaroxi-intelligence-agent"
version = "0.1.0"

[[package]]
name = "zaroxi-intelligence-context"
version = "0.1.0"

[[package]]
name = "zaroxi-intelligence-embedding"
version = "0.1.0"

[[package]]
name = "zaroxi-intelligence-eval"
version = "0.1.0"

[[package]]
name = "zaroxi-intelligence-memory"
version = "0.1.0"

[[package]]
name = "zaroxi-intelligence-orchestrator"
version = "0.1.0"

[[package]]
name = "zaroxi-intelligence-planning"
version = "0.1.0"

[[package]]
name = "zaroxi-intelligence-tools"
version = "0.1.0"

[[package]]
name = "zaroxi-interface-app"
version = "0.1.0"

[[package]]
name = "zaroxi-interface-cli"
version = "0.1.0"

[[package]]
name = "zaroxi-interface-editor"
version = "0.1.0"

[[package]]
name = "zaroxi-interface-gui"
version = "0.1.0"

[[package]]
name = "zaroxi-interface-theme"
version = "0.1.0"

[[package]]
name = "zaroxi-kernel-async"
version = "0.1.0"

[[package]]
name = "zaroxi-kernel-collections"
version = "0.1.0"

[[package]]
name = "zaroxi-kernel-config"
version = "0.1.0"

[[package]]
name = "zaroxi-kernel-core"
version = "0.1.0"

[[package]]
name = "zaroxi-kernel-errors"
version = "0.1.0"

[[package]]
name = "zaroxi-kernel-math"
version = "0.1.0"

[[package]]
name = "zaroxi-kernel-memory"
version = "0.1.0"

[[package]]
name = "zaroxi-kernel-time"
version = "0.1.0"

[[package]]
name = "zaroxi-kernel-traits"
version = "0.1.0"

[[package]]
name = "zaroxi-kernel-types"
version = "0.1.0"

[[package]]
name = "zaroxi-platform-debugger"
version = "0.1.0"

[[package]]
name = "zaroxi-platform-formatter"
version = "0.1.0"

[[package]]
name = "zaroxi-platform-git"
version = "0.1.0"

[[package]]
name = "zaroxi-platform-linter"
version = "0.1.0"

[[package]]
name = "zaroxi-platform-lsp"
version = "0.1.0"

[[package]]
name = "zaroxi-platform-plugin"
version = "0.1.0"

[[package]]
name = "zaroxi-platform-profiler"
version = "0.1.0"

[[package]]
name = "zaroxi-platform-syntax"
version = "0.1.0"

[[package]]
name = "zaroxi-platform-terminal"
version = "0.1.0"

[[package]]
name = "zaroxi-platform-test"
version = "0.1.0"

[[package]]
name = "zaroxi-security-auth"
version = "0.1.0"

[[package]]
name = "zaroxi-security-policy"
version = "0.1.0"

[[package]]
name = "zaroxi-security-sandbox"
version = "0.1.0"

[[package]]
name = "zaroxi-security-validation"
version = "0.1.0"

[[package]]
name = "zaroxi-workspace-cache"
version = "0.1.0"

[[package]]
name = "zaroxi-workspace-files"
version = "0.1.0"

[[package]]
name = "zaroxi-workspace-history"
version = "0.1.0"

[[package]]
name = "zaroxi-workspace-index"
version = "0.1.0"

[[package]]
name = "zaroxi-workspace-patch"
version = "0.1.0"

[[package]]
name = "zaroxi-workspace-watcher"
version = "0.1.0"
